
Microsoft Visual Studio Solution File, Format Version 12.00
# Visual Studio Version 17
VisualStudioVersion = 17.12.35707.178
MinimumVisualStudioVersion = 10.0.40219.1
Project("{FAE04EC0-301F-11D3-BF4B-00C04F79EFBC}") = "DiscordServerSimUI", "DiscordServerSimUI.csproj", "{17B818C5-6198-407F-B9E2-5A67FBC17BF8}"
EndProject
Project("{FAE04EC0-301F-11D3-BF4B-00C04F79EFBC}") = "ConnectionCore", "..\Connections\ConnectionCore\ConnectionCore.csproj", "{66F51D5F-C0BD-448F-AAC3-9AC7CBE30BFC}"
EndProject
Global
	GlobalSection(SolutionConfigurationPlatforms) = preSolution
		Debug|Any CPU = Debug|Any CPU
		Release|Any CPU = Release|Any CPU
	EndGlobalSection
	GlobalSection(ProjectConfigurationPlatforms) = postSolution
		{17B818C5-6198-407F-B9E2-5A67FBC17BF8}.Debug|Any CPU.ActiveCfg = Debug|Any CPU
		{17B818C5-6198-407F-B9E2-5A67FBC17BF8}.Debug|Any CPU.Build.0 = Debug|Any CPU
		{17B818C5-6198-407F-B9E2-5A67FBC17BF8}.Release|Any CPU.ActiveCfg = Release|Any CPU
		{17B818C5-6198-407F-B9E2-5A67FBC17BF8}.Release|Any CPU.Build.0 = Release|Any CPU
		{66F51D5F-C0BD-448F-AAC3-9AC7CBE30BFC}.Debug|Any CPU.ActiveCfg = Debug|Any CPU
		{66F51D5F-C0BD-448F-AAC3-9AC7CBE30BFC}.Debug|Any CPU.Build.0 = Debug|Any CPU
		{66F51D5F-C0BD-448F-AAC3-9AC7CBE30BFC}.Release|Any CPU.ActiveCfg = Release|Any CPU
		{66F51D5F-C0BD-448F-AAC3-9AC7CBE30BFC}.Release|Any CPU.Build.0 = Release|Any CPU
	EndGlobalSection
	GlobalSection(SolutionProperties) = preSolution
		HideSolutionNode = FALSE
	EndGlobalSection
EndGlobal
